// !$*UTF8*$!
{
	archiveVersion = 1;
	classes = {
	};
	objectVersion = 50;
	objects = {

/* Begin PBXBuildFile section */
		A6459957230D28A100A5B919 /* AppDelegate.swift in Sources */ = {isa = PBXBuildFile; fileRef = A6459956230D28A100A5B919 /* AppDelegate.swift */; };
		A6459959230D28A100A5B919 /* SceneDelegate.swift in Sources */ = {isa = PBXBuildFile; fileRef = A6459958230D28A100A5B919 /* SceneDelegate.swift */; };
		A645995B230D28A100A5B919 /* ContentView.swift in Sources */ = {isa = PBXBuildFile; fileRef = A645995A230D28A100A5B919 /* ContentView.swift */; };
		A645995D230D28A300A5B919 /* Assets.xcassets in Resources */ = {isa = PBXBuildFile; fileRef = A645995C230D28A300A5B919 /* Assets.xcassets */; };
		A6459960230D28A300A5B919 /* Preview Assets.xcassets in Resources */ = {isa = PBXBuildFile; fileRef = A645995F230D28A300A5B919 /* Preview Assets.xcassets */; };
		A6459963230D28A300A5B919 /* LaunchScreen.storyboard in Resources */ = {isa = PBXBuildFile; fileRef = A6459961230D28A300A5B919 /* LaunchScreen.storyboard */; };
		A645996E230D28A300A5B919 /* LandmarksTests.swift in Sources */ = {isa = PBXBuildFile; fileRef = A645996D230D28A300A5B919 /* LandmarksTests.swift */; };
		A6459979230D28A300A5B919 /* LandmarksUITests.swift in Sources */ = {isa = PBXBuildFile; fileRef = A6459978230D28A300A5B919 /* LandmarksUITests.swift */; };
		A6459987230D2CCE00A5B919 /* CircleImage.swift in Sources */ = {isa = PBXBuildFile; fileRef = A6459986230D2CCE00A5B919 /* CircleImage.swift */; };
		A6459989230D2D9000A5B919 /* MapView.swift in Sources */ = {isa = PBXBuildFile; fileRef = A6459988230D2D9000A5B919 /* MapView.swift */; };
/* End PBXBuildFile section */

/* Begin PBXContainerItemProxy section */
		A645996A230D28A300A5B919 /* PBXContainerItemProxy */ = {
			isa = PBXContainerItemProxy;
			containerPortal = A645994B230D28A000A5B919 /* Project object */;
			proxyType = 1;
			remoteGlobalIDString = A6459952230D28A000A5B919;
			remoteInfo = Landmarks;
		};
		A6459975230D28A300A5B919 /* PBXContainerItemProxy */ = {
			isa = PBXContainerItemProxy;
			containerPortal = A645994B230D28A000A5B919 /* Project object */;
			proxyType = 1;
			remoteGlobalIDString = A6459952230D28A000A5B919;
			remoteInfo = Landmarks;
		};
/* End PBXContainerItemProxy section */

/* Begin PBXFileReference section */
		A6459953230D28A100A5B919 /* Landmarks.app */ = {isa = PBXFileReference; explicitFileType = wrapper.application; includeInIndex = 0; path = Landmarks.app; sourceTree = BUILT_PRODUCTS_DIR; };
		A6459956230D28A100A5B919 /* AppDelegate.swift */ = {isa = PBXFileReference; lastKnownFileType = sourcecode.swift; path = AppDelegate.swift; sourceTree = "<group>"; };
		A6459958230D28A100A5B919 /* SceneDelegate.swift */ = {isa = PBXFileReference; lastKnownFileType = sourcecode.swift; path = SceneDelegate.swift; sourceTree = "<group>"; };
		A645995A230D28A100A5B919 /* ContentView.swift */ = {isa = PBXFileReference; lastKnownFileType = sourcecode.swift; path = ContentView.swift; sourceTree = "<group>"; };
		A645995C230D28A300A5B919 /* Assets.xcassets */ = {isa = PBXFileReference; lastKnownFileType = folder.assetcatalog; path = Assets.xcassets; sourceTree = "<group>"; };
		A645995F230D28A300A5B919 /* Preview Assets.xcassets */ = {isa = PBXFileReference; lastKnownFileType = folder.assetcatalog; path = "Preview Assets.xcassets"; sourceTree = "<group>"; };
		A6459962230D28A300A5B919 /* Base */ = {isa = PBXFileReference; lastKnownFileType = file.storyboard; name = Base; path = Base.lproj/LaunchScreen.storyboard; sourceTree = "<group>"; };
		A6459964230D28A300A5B919 /* Info.plist */ = {isa = PBXFileReference; lastKnownFileType = text.plist.xml; path = Info.plist; sourceTree = "<group>"; };
		A6459969230D28A300A5B919 /* LandmarksTests.xctest */ = {isa = PBXFileReference; explicitFileType = wrapper.cfbundle; includeInIndex = 0; path = LandmarksTests.xctest; sourceTree = BUILT_PRODUCTS_DIR; };
		A645996D230D28A300A5B919 /* LandmarksTests.swift */ = {isa = PBXFileReference; lastKnownFileType = sourcecode.swift; path = LandmarksTests.swift; sourceTree = "<group>"; };
		A645996F230D28A300A5B919 /* Info.plist */ = {isa = PBXFileReference; lastKnownFileType = text.plist.xml; path = Info.plist; sourceTree = "<group>"; };
		A6459974230D28A300A5B919 /* LandmarksUITests.xctest */ = {isa = PBXFileReference; explicitFileType = wrapper.cfbundle; includeInIndex = 0; path = LandmarksUITests.xctest; sourceTree = BUILT_PRODUCTS_DIR; };
		A6459978230D28A300A5B919 /* LandmarksUITests.swift */ = {isa = PBXFileReference; lastKnownFileType = sourcecode.swift; path = LandmarksUITests.swift; sourceTree = "<group>"; };
		A645997A230D28A300A5B919 /* Info.plist */ = {isa = PBXFileReference; lastKnownFileType = text.plist.xml; path = Info.plist; sourceTree = "<group>"; };
		A6459986230D2CCE00A5B919 /* CircleImage.swift */ = {isa = PBXFileReference; lastKnownFileType = sourcecode.swift; path = CircleImage.swift; sourceTree = "<group>"; };
		A6459988230D2D9000A5B919 /* MapView.swift */ = {isa = PBXFileReference; lastKnownFileType = sourcecode.swift; path = MapView.swift; sourceTree = "<group>"; };
/* End PBXFileReference section */

/* Begin PBXFrameworksBuildPhase section */
		A6459950230D28A000A5B919 /* Frameworks */ = {
			isa = PBXFrameworksBuildPhase;
			buildActionMask = 2147483647;
			files = (
			);
			runOnlyForDeploymentPostprocessing = 0;
		};
		A6459966230D28A300A5B919 /* Frameworks */ = {
			isa = PBXFrameworksBuildPhase;
			buildActionMask = 2147483647;
			files = (
			);
			runOnlyForDeploymentPostprocessing = 0;
		};
		A6459971230D28A300A5B919 /* Frameworks */ = {
			isa = PBXFrameworksBuildPhase;
			buildActionMask = 2147483647;
			files = (
			);
			runOnlyForDeploymentPostprocessing = 0;
		};
/* End PBXFrameworksBuildPhase section */

/* Begin PBXGroup section */
		A645994A230D28A000A5B919 = {
			isa = PBXGroup;
			children = (
				A6459955230D28A100A5B919 /* Landmarks */,
				A645996C230D28A300A5B919 /* LandmarksTests */,
				A6459977230D28A300A5B919 /* LandmarksUITests */,
				A6459954230D28A100A5B919 /* Products */,
			);
			sourceTree = "<group>";
		};
		A6459954230D28A100A5B919 /* Products */ = {
			isa = PBXGroup;
			children = (
				A6459953230D28A100A5B919 /* Landmarks.app */,
				A6459969230D28A300A5B919 /* LandmarksTests.xctest */,
				A6459974230D28A300A5B919 /* LandmarksUITests.xctest */,
			);
			name = Products;
			sourceTree = "<group>";
		};
		A6459955230D28A100A5B919 /* Landmarks */ = {
			isa = PBXGroup;
			children = (
				A6459956230D28A100A5B919 /* AppDelegate.swift */,
				A6459958230D28A100A5B919 /* SceneDelegate.swift */,
				A645995A230D28A100A5B919 /* ContentView.swift */,
				A645995C230D28A300A5B919 /* Assets.xcassets */,
				A6459986230D2CCE00A5B919 /* CircleImage.swift */,
				A6459988230D2D9000A5B919 /* MapView.swift */,
				A6459961230D28A300A5B919 /* LaunchScreen.storyboard */,
				A6459964230D28A300A5B919 /* Info.plist */,
				A645995E230D28A300A5B919 /* Preview Content */,
			);
			path = Landmarks;
			sourceTree = "<group>";
		};
		A645995E230D28A300A5B919 /* Preview Content */ = {
			isa = PBXGroup;
			children = (
				A645995F230D28A300A5B919 /* Preview Assets.xcassets */,
			);
			path = "Preview Content";
			sourceTree = "<group>";
		};
		A645996C230D28A300A5B919 /* LandmarksTests */ = {
			isa = PBXGroup;
			children = (
				A645996D230D28A300A5B919 /* LandmarksTests.swift */,
				A645996F230D28A300A5B919 /* Info.plist */,
			);
			path = LandmarksTests;
			sourceTree = "<group>";
		};
		A6459977230D28A300A5B919 /* LandmarksUITests */ = {
			isa = PBXGroup;
			children = (
				A6459978230D28A300A5B919 /* LandmarksUITests.swift */,
				A645997A230D28A300A5B919 /* Info.plist */,
			);
			path = LandmarksUITests;
			sourceTree = "<group>";
		};
/* End PBXGroup section */

/* Begin PBXNativeTarget section */
		A6459952230D28A000A5B919 /* Landmarks */ = {
			isa = PBXNativeTarget;
			buildConfigurationList = A645997D230D28A300A5B919 /* Build configuration list for PBXNativeTarget "Landmarks" */;
			buildPhases = (
				A645994F230D28A000A5B919 /* Sources */,
				A6459950230D28A000A5B919 /* Frameworks */,
				A6459951230D28A000A5B919 /* Resources */,
			);
			buildRules = (
			);
			dependencies = (
			);
			name = Landmarks;
			productName = Landmarks;
			productReference = A6459953230D28A100A5B919 /* Landmarks.app */;
			productType = "com.apple.product-type.application";
		};
		A6459968230D28A300A5B919 /* LandmarksTests */ = {
			isa = PBXNativeTarget;
			buildConfigurationList = A6459980230D28A300A5B919 /* Build configuration list for PBXNativeTarget "LandmarksTests" */;
			buildPhases = (
				A6459965230D28A300A5B919 /* Sources */,
				A6459966230D28A300A5B919 /* Frameworks */,
				A6459967230D28A300A5B919 /* Resources */,
			);
			buildRules = (
			);
			dependencies = (
				A645996B230D28A300A5B919 /* PBXTargetDependency */,
			);
			name = LandmarksTests;
			productName = LandmarksTests;
			productReference = A6459969230D28A300A5B919 /* LandmarksTests.xctest */;
			productType = "com.apple.product-type.bundle.unit-test";
		};
		A6459973230D28A300A5B919 /* LandmarksUITests */ = {
			isa = PBXNativeTarget;
			buildConfigurationList = A6459983230D28A300A5B919 /* Build configuration list for PBXNativeTarget "LandmarksUITests" */;
			buildPhases = (
				A6459970230D28A300A5B919 /* Sources */,
				A6459971230D28A300A5B919 /* Frameworks */,
				A6459972230D28A300A5B919 /* Resources */,
			);
			buildRules = (
			);
			dependencies = (
				A6459976230D28A300A5B919 /* PBXTargetDependency */,
			);
			name = LandmarksUITests;
			productName = LandmarksUITests;
			productReference = A6459974230D28A300A5B919 /* LandmarksUITests.xctest */;
			productType = "com.apple.product-type.bundle.ui-testing";
		};
/* End PBXNativeTarget section */

/* Begin PBXProject section */
		A645994B230D28A000A5B919 /* Project object */ = {
			isa = PBXProject;
			attributes = {
				LastSwiftUpdateCheck = 1100;
				LastUpgradeCheck = 1100;
				ORGANIZATIONNAME = Jeluchu;
				TargetAttributes = {
					A6459952230D28A000A5B919 = {
						CreatedOnToolsVersion = 11.0;
					};
					A6459968230D28A300A5B919 = {
						CreatedOnToolsVersion = 11.0;
						TestTargetID = A6459952230D28A000A5B919;
					};
					A6459973230D28A300A5B919 = {
						CreatedOnToolsVersion = 11.0;
						TestTargetID = A6459952230D28A000A5B919;
					};
				};
			};
			buildConfigurationList = A645994E230D28A000A5B919 /* Build configuration list for PBXProject "Landmarks" */;
			compatibilityVersion = "Xcode 9.3";
			developmentRegion = en;
			hasScannedForEncodings = 0;
			knownRegions = (
				en,
				Base,
			);
			mainGroup = A645994A230D28A000A5B919;
			productRefGroup = A6459954230D28A100A5B919 /* Products */;
			projectDirPath = "";
			projectRoot = "";
			targets = (
				A6459952230D28A000A5B919 /* Landmarks */,
				A6459968230D28A300A5B919 /* LandmarksTests */,
				A6459973230D28A300A5B919 /* LandmarksUITests */,
			);
		};
/* End PBXProject section */

/* Begin PBXResourcesBuildPhase section */
		A6459951230D28A000A5B919 /* Resources */ = {
			isa = PBXResourcesBuildPhase;
			buildActionMask = 2147483647;
			files = (
				A6459963230D28A300A5B919 /* LaunchScreen.storyboard in Resources */,
				A6459960230D28A300A5B919 /* Preview Assets.xcassets in Resources */,
				A645995D230D28A300A5B919 /* Assets.xcassets in Resources */,
			);
			runOnlyForDeploymentPostprocessing = 0;
		};
		A6459967230D28A300A5B919 /* Resources */ = {
			isa = PBXResourcesBuildPhase;
			buildActionMask = 2147483647;
			files = (
			);
			runOnlyForDeploymentPostprocessing = 0;
		};
		A6459972230D28A300A5B919 /* Resources */ = {
			isa = PBXResourcesBuildPhase;
			buildActionMask = 2147483647;
			files = (
			);
			runOnlyForDeploymentPostprocessing = 0;
		};
/* End PBXResourcesBuildPhase section */

/* Begin PBXSourcesBuildPhase section */
		A645994F230D28A000A5B919 /* Sources */ = {
			isa = PBXSourcesBuildPhase;
			buildActionMask = 2147483647;
			files = (
				A6459957230D28A100A5B919 /* AppDelegate.swift in Sources */,
				A6459987230D2CCE00A5B919 /* CircleImage.swift in Sources */,
				A6459989230D2D9000A5B919 /* MapView.swift in Sources */,
				A6459959230D28A100A5B919 /* SceneDelegate.swift in Sources */,
				A645995B230D28A100A5B919 /* ContentView.swift in Sources */,
			);
			runOnlyForDeploymentPostprocessing = 0;
		};
		A6459965230D28A300A5B919 /* Sources */ = {
			isa = PBXSourcesBuildPhase;
			buildActionMask = 2147483647;
			files = (
				A645996E230D28A300A5B919 /* LandmarksTests.swift in Sources */,
			);
			runOnlyForDeploymentPostprocessing = 0;
		};
		A6459970230D28A300A5B919 /* Sources */ = {
			isa = PBXSourcesBuildPhase;
			buildActionMask = 2147483647;
			files = (
				A6459979230D28A300A5B919 /* LandmarksUITests.swift in Sources */,
			);
			runOnlyForDeploymentPostprocessing = 0;
		};
/* End PBXSourcesBuildPhase section */

/* Begin PBXTargetDependency section */
		A645996B230D28A300A5B919 /* PBXTargetDependency */ = {
			isa = PBXTargetDependency;
			target = A6459952230D28A000A5B919 /* Landmarks */;
			targetProxy = A645996A230D28A300A5B919 /* PBXContainerItemProxy */;
		};
		A6459976230D28A300A5B919 /* PBXTargetDependency */ = {
			isa = PBXTargetDependency;
			target = A6459952230D28A000A5B919 /* Landmarks */;
			targetProxy = A6459975230D28A300A5B919 /* PBXContainerItemProxy */;
		};
/* End PBXTargetDependency section */

/* Begin PBXVariantGroup section */
		A6459961230D28A300A5B919 /* LaunchScreen.storyboard */ = {
			isa = PBXVariantGroup;
			children = (
				A6459962230D28A300A5B919 /* Base */,
			);
			name = LaunchScreen.storyboard;
			sourceTree = "<group>";
		};
/* End PBXVariantGroup section */

/* Begin XCBuildConfiguration section */
		A645997B230D28A300A5B919 /* Debug */ = {
			isa = XCBuildConfiguration;
			buildSettings = {
				ALWAYS_SEARCH_USER_PATHS = NO;
				CLANG_ANALYZER_NONNULL = YES;
				CLANG_ANALYZER_NUMBER_OBJECT_CONVERSION = YES_AGGRESSIVE;
				CLANG_CXX_LANGUAGE_STANDARD = "gnu++14";
				CLANG_CXX_LIBRARY = "libc++";
				CLANG_ENABLE_MODULES = YES;
				CLANG_ENABLE_OBJC_ARC = YES;
				CLANG_ENABLE_OBJC_WEAK = YES;
				CLANG_WARN_BLOCK_CAPTURE_AUTORELEASING = YES;
				CLANG_WARN_BOOL_CONVERSION = YES;
				CLANG_WARN_COMMA = YES;
				CLANG_WARN_CONSTANT_CONVERSION = YES;
				CLANG_WARN_DEPRECATED_OBJC_IMPLEMENTATIONS = YES;
				CLANG_WARN_DIRECT_OBJC_ISA_USAGE = YES_ERROR;
				CLANG_WARN_DOCUMENTATION_COMMENTS = YES;
				CLANG_WARN_EMPTY_BODY = YES;
				CLANG_WARN_ENUM_CONVERSION = YES;
				CLANG_WARN_INFINITE_RECURSION = YES;
				CLANG_WARN_INT_CONVERSION = YES;
				CLANG_WARN_NON_LITERAL_NULL_CONVERSION = YES;
				CLANG_WARN_OBJC_IMPLICIT_RETAIN_SELF = YES;
				CLANG_WARN_OBJC_LITERAL_CONVERSION = YES;
				CLANG_WARN_OBJC_ROOT_CLASS = YES_ERROR;
				CLANG_WARN_RANGE_LOOP_ANALYSIS = YES;
				CLANG_WARN_STRICT_PROTOTYPES = YES;
				CLANG_WARN_SUSPICIOUS_MOVE = YES;
				CLANG_WARN_UNGUARDED_AVAILABILITY = YES_AGGRESSIVE;
				CLANG_WARN_UNREACHABLE_CODE = YES;
				CLANG_WARN__DUPLICATE_METHOD_MATCH = YES;
				COPY_PHASE_STRIP = NO;
				DEBUG_INFORMATION_FORMAT = dwarf;
				ENABLE_STRICT_OBJC_MSGSEND = YES;
				ENABLE_TESTABILITY = YES;
				GCC_C_LANGUAGE_STANDARD = gnu11;
				GCC_DYNAMIC_NO_PIC = NO;
				GCC_NO_COMMON_BLOCKS = YES;
				GCC_OPTIMIZATION_LEVEL = 0;
				GCC_PREPROCESSOR_DEFINITIONS = (
					"DEBUG=1",
					"$(inherited)",
				);
				GCC_WARN_64_TO_32_BIT_CONVERSION = YES;
				GCC_WARN_ABOUT_RETURN_TYPE = YES_ERROR;
				GCC_WARN_UNDECLARED_SELECTOR = YES;
				GCC_WARN_UNINITIALIZED_AUTOS = YES_AGGRESSIVE;
				GCC_WARN_UNUSED_FUNCTION = YES;
				GCC_WARN_UNUSED_VARIABLE = YES;
				IPHONEOS_DEPLOYMENT_TARGET = 13.0;
				MTL_ENABLE_DEBUG_INFO = INCLUDE_SOURCE;
				MTL_FAST_MATH = YES;
				ONLY_ACTIVE_ARCH = YES;
				SDKROOT = iphoneos;
				SWIFT_ACTIVE_COMPILATION_CONDITIONS = DEBUG;
				SWIFT_OPTIMIZATION_LEVEL = "-Onone";
			};
			name = Debug;
		};
		A645997C230D28A300A5B919 /* Release */ = {
			isa = XCBuildConfiguration;
			buildSettings = {
				ALWAYS_SEARCH_USER_PATHS = NO;
				CLANG_ANALYZER_NONNULL = YES;
				CLANG_ANALYZER_NUMBER_OBJECT_CONVERSION = YES_AGGRESSIVE;
				CLANG_CXX_LANGUAGE_STANDARD = "gnu++14";
				CLANG_CXX_LIBRARY = "libc++";
				CLANG_ENABLE_MODULES = YES;
				CLANG_ENABLE_OBJC_ARC = YES;
				CLANG_ENABLE_OBJC_WEAK = YES;
				CLANG_WARN_BLOCK_CAPTURE_AUTORELEASING = YES;
				CLANG_WARN_BOOL_CONVERSION = YES;
				CLANG_WARN_COMMA = YES;
				CLANG_WARN_CONSTANT_CONVERSION = YES;
				CLANG_WARN_DEPRECATED_OBJC_IMPLEMENTATIONS = YES;
				CLANG_WARN_DIRECT_OBJC_ISA_USAGE = YES_ERROR;
				CLANG_WARN_DOCUMENTATION_COMMENTS = YES;
				CLANG_WARN_EMPTY_BODY = YES;
				CLANG_WARN_ENUM_CONVERSION = YES;
				CLANG_WARN_INFINITE_RECURSION = YES;
				CLANG_WARN_INT_CONVERSION = YES;
				CLANG_WARN_NON_LITERAL_NULL_CONVERSION = YES;
				CLANG_WARN_OBJC_IMPLICIT_RETAIN_SELF = YES;
				CLANG_WARN_OBJC_LITERAL_CONVERSION = YES;
				CLANG_WARN_OBJC_ROOT_CLASS = YES_ERROR;
				CLANG_WARN_RANGE_LOOP_ANALYSIS = YES;
				CLANG_WARN_STRICT_PROTOTYPES = YES;
				CLANG_WARN_SUSPICIOUS_MOVE = YES;
				CLANG_WARN_UNGUARDED_AVAILABILITY = YES_AGGRESSIVE;
				CLANG_WARN_UNREACHABLE_CODE = YES;
				CLANG_WARN__DUPLICATE_METHOD_MATCH = YES;
				COPY_PHASE_STRIP = NO;
				DEBUG_INFORMATION_FORMAT = "dwarf-with-dsym";
				ENABLE_NS_ASSERTIONS = NO;
				ENABLE_STRICT_OBJC_MSGSEND = YES;
				GCC_C_LANGUAGE_STANDARD = gnu11;
				GCC_NO_COMMON_BLOCKS = YES;
				GCC_WARN_64_TO_32_BIT_CONVERSION = YES;
				GCC_WARN_ABOUT_RETURN_TYPE = YES_ERROR;
				GCC_WARN_UNDECLARED_SELECTOR = YES;
				GCC_WARN_UNINITIALIZED_AUTOS = YES_AGGRESSIVE;
				GCC_WARN_UNUSED_FUNCTION = YES;
				GCC_WARN_UNUSED_VARIABLE = YES;
				IPHONEOS_DEPLOYMENT_TARGET = 13.0;
				MTL_ENABLE_DEBUG_INFO = NO;
				MTL_FAST_MATH = YES;
				SDKROOT = iphoneos;
				SWIFT_COMPILATION_MODE = wholemodule;
				SWIFT_OPTIMIZATION_LEVEL = "-O";
				VALIDATE_PRODUCT = YES;
			};
			name = Release;
		};
		A645997E230D28A300A5B919 /* Debug */ = {
			isa = XCBuildConfiguration;
			buildSettings = {
				ASSETCATALOG_COMPILER_APPICON_NAME = AppIcon;
				CODE_SIGN_STYLE = Automatic;
				DEVELOPMENT_ASSET_PATHS = "\"Landmarks/Preview Content\"";
				DEVELOPMENT_TEAM = 47A55L4Y9K;
				ENABLE_PREVIEWS = YES;
				INFOPLIST_FILE = Landmarks/Info.plist;
				LD_RUNPATH_SEARCH_PATHS = (
					"$(inherited)",
					"@executable_path/Frameworks",
				);
				PRODUCT_BUNDLE_IDENTIFIER = com.jeluchu.Landmarks;
				PRODUCT_NAME = "$(TARGET_NAME)";
				SWIFT_VERSION = 5.0;
				TARGETED_DEVICE_FAMILY = "1,2";
			};
			name = Debug;
		};
		A645997F230D28A300A5B919 /* Release */ = {
			isa = XCBuildConfiguration;
			buildSettings = {
				ASSETCATALOG_COMPILER_APPICON_NAME = AppIcon;
				CODE_SIGN_STYLE = Automatic;
				DEVELOPMENT_ASSET_PATHS = "\"Landmarks/Preview Content\"";
				DEVELOPMENT_TEAM = 47A55L4Y9K;
				ENABLE_PREVIEWS = YES;
				INFOPLIST_FILE = Landmarks/Info.plist;
				LD_RUNPATH_SEARCH_PATHS = (
					"$(inherited)",
					"@executable_path/Frameworks",
				);
				PRODUCT_BUNDLE_IDENTIFIER = com.jeluchu.Landmarks;
				PRODUCT_NAME = "$(TARGET_NAME)";
				SWIFT_VERSION = 5.0;
				TARGETED_DEVICE_FAMILY = "1,2";
			};
			name = Release;
		};
		A6459981230D28A300A5B919 /* Debug */ = {
			isa = XCBuildConfiguration;
			buildSettings = {
				ALWAYS_EMBED_SWIFT_STANDARD_LIBRARIES = YES;
				BUNDLE_LOADER = "$(TEST_HOST)";
				CODE_SIGN_STYLE = Automatic;
				DEVELOPMENT_TEAM = 47A55L4Y9K;
				INFOPLIST_FILE = LandmarksTests/Info.plist;
				IPHONEOS_DEPLOYMENT_TARGET = 13.0;
				LD_RUNPATH_SEARCH_PATHS = (
					"$(inherited)",
					"@executable_path/Frameworks",
					"@loader_path/Frameworks",
				);
				PRODUCT_BUNDLE_IDENTIFIER = com.jeluchu.LandmarksTests;
				PRODUCT_NAME = "$(TARGET_NAME)";
				SWIFT_VERSION = 5.0;
				TARGETED_DEVICE_FAMILY = "1,2";
				TEST_HOST = "$(BUILT_PRODUCTS_DIR)/Landmarks.app/Landmarks";
			};
			name = Debug;
		};
		A6459982230D28A300A5B919 /* Release */ = {
			isa = XCBuildConfiguration;
			buildSettings = {
				ALWAYS_EMBED_SWIFT_STANDARD_LIBRARIES = YES;
				BUNDLE_LOADER = "$(TEST_HOST)";
				CODE_SIGN_STYLE = Automatic;
				DEVELOPMENT_TEAM = 47A55L4Y9K;
				INFOPLIST_FILE = LandmarksTests/Info.plist;
				IPHONEOS_DEPLOYMENT_TARGET = 13.0;
				LD_RUNPATH_SEARCH_PATHS = (
					"$(inherited)",
					"@executable_path/Frameworks",
					"@loader_path/Frameworks",
				);
				PRODUCT_BUNDLE_IDENTIFIER = com.jeluchu.LandmarksTests;
				PRODUCT_NAME = "$(TARGET_NAME)";
				SWIFT_VERSION = 5.0;
				TARGETED_DEVICE_FAMILY = "1,2";
				TEST_HOST = "$(BUILT_PRODUCTS_DIR)/Landmarks.app/Landmarks";
			};
			name = Release;
		};
		A6459984230D28A300A5B919 /* Debug */ = {
			isa = XCBuildConfiguration;
			buildSettings = {
				ALWAYS_EMBED_SWIFT_STANDARD_LIBRARIES = YES;
				CODE_SIGN_STYLE = Automatic;
				DEVELOPMENT_TEAM = 47A55L4Y9K;
				INFOPLIST_FILE = LandmarksUITests/Info.plist;
				LD_RUNPATH_SEARCH_PATHS = (
					"$(inherited)",
					"@executable_path/Frameworks",
					"@loader_path/Frameworks",
				);
				PRODUCT_BUNDLE_IDENTIFIER = com.jeluchu.LandmarksUITests;
				PRODUCT_NAME = "$(TARGET_NAME)";
				SWIFT_VERSION = 5.0;
				TARGETED_DEVICE_FAMILY = "1,2";
				TEST_TARGET_NAME = Landmarks;
			};
			name = Debug;
		};
		A6459985230D28A300A5B919 /* Release */ = {
			isa = XCBuildConfiguration;
			buildSettings = {
				ALWAYS_EMBED_SWIFT_STANDARD_LIBRARIES = YES;
				CODE_SIGN_STYLE = Automatic;
				DEVELOPMENT_TEAM = 47A55L4Y9K;
				INFOPLIST_FILE = LandmarksUITests/Info.plist;
				LD_RUNPATH_SEARCH_PATHS = (
					"$(inherited)",
					"@executable_path/Frameworks",
					"@loader_path/Frameworks",
				);
				PRODUCT_BUNDLE_IDENTIFIER = com.jeluchu.LandmarksUITests;
				PRODUCT_NAME = "$(TARGET_NAME)";
				SWIFT_VERSION = 5.0;
				TARGETED_DEVICE_FAMILY = "1,2";
				TEST_TARGET_NAME = Landmarks;
			};
			name = Release;
		};
/* End XCBuildConfiguration section */

/* Begin XCConfigurationList section */
		A645994E230D28A000A5B919 /* Build configuration list for PBXProject "Landmarks" */ = {
			isa = XCConfigurationList;
			buildConfigurations = (
				A645997B230D28A300A5B919 /* Debug */,
				A645997C230D28A300A5B919 /* Release */,
			);
			defaultConfigurationIsVisible = 0;
			defaultConfigurationName = Release;
		};
		A645997D230D28A300A5B919 /* Build configuration list for PBXNativeTarget "Landmarks" */ = {
			isa = XCConfigurationList;
			buildConfigurations = (
				A645997E230D28A300A5B919 /* Debug */,
				A645997F230D28A300A5B919 /* Release */,
			);
			defaultConfigurationIsVisible = 0;
			defaultConfigurationName = Release;
		};
		A6459980230D28A300A5B919 /* Build configuration list for PBXNativeTarget "LandmarksTests" */ = {
			isa = XCConfigurationList;
			buildConfigurations = (
				A6459981230D28A300A5B919 /* Debug */,
				A6459982230D28A300A5B919 /* Release */,
			);
			defaultConfigurationIsVisible = 0;
			defaultConfigurationName = Release;
		};
		A6459983230D28A300A5B919 /* Build configuration list for PBXNativeTarget "LandmarksUITests" */ = {
			isa = XCConfigurationList;
			buildConfigurations = (
				A6459984230D28A300A5B919 /* Debug */,
				A6459985230D28A300A5B919 /* Release */,
			);
			defaultConfigurationIsVisible = 0;
			defaultConfigurationName = Release;
		};
/* End XCConfigurationList section */
	};
	rootObject = A645994B230D28A000A5B919 /* Project object */;
}
